
Microsoft Visual Studio Solution File, Format Version 12.00
# Visual Studio 15
VisualStudioVersion = 15.0.28010.2016
MinimumVisualStudioVersion = 10.0.40219.1
Project("{FAE04EC0-301F-11D3-BF4B-00C04F79EFBC}") = "sales.Android", "sales\sales.Android\sales.Android.csproj", "{5B492289-17C0-44AD-B9B2-F75DF27FD6EF}"
EndProject
Project("{FAE04EC0-301F-11D3-BF4B-00C04F79EFBC}") = "sales.iOS", "sales\sales.iOS\sales.iOS.csproj", "{F32AA50F-630F-4E48-9F04-9E949DC38872}"
EndProject
Project("{FAE04EC0-301F-11D3-BF4B-00C04F79EFBC}") = "sales", "sales\sales\sales.csproj", "{478DC390-F955-407A-BD26-71B01BC8CDBE}"
EndProject
Global
	GlobalSection(SolutionConfigurationPlatforms) = preSolution
		Ad-Hoc|Any CPU = Ad-Hoc|Any CPU
		Ad-Hoc|iPhone = Ad-Hoc|iPhone
		Ad-Hoc|iPhoneSimulator = Ad-Hoc|iPhoneSimulator
		AppStore|Any CPU = AppStore|Any CPU
		AppStore|iPhone = AppStore|iPhone
		AppStore|iPhoneSimulator = AppStore|iPhoneSimulator
		Debug|Any CPU = Debug|Any CPU
		Debug|iPhone = Debug|iPhone
		Debug|iPhoneSimulator = Debug|iPhoneSimulator
		Release|Any CPU = Release|Any CPU
		Release|iPhone = Release|iPhone
		Release|iPhoneSimulator = Release|iPhoneSimulator
	EndGlobalSection
	GlobalSection(ProjectConfigurationPlatforms) = postSolution
		{5B492289-17C0-44AD-B9B2-F75DF27FD6EF}.Ad-Hoc|Any CPU.ActiveCfg = Release|Any CPU
		{5B492289-17C0-44AD-B9B2-F75DF27FD6EF}.Ad-Hoc|Any CPU.Build.0 = Release|Any CPU
		{5B492289-17C0-44AD-B9B2-F75DF27FD6EF}.Ad-Hoc|Any CPU.Deploy.0 = Release|Any CPU
		{5B492289-17C0-44AD-B9B2-F75DF27FD6EF}.Ad-Hoc|iPhone.ActiveCfg = Release|Any CPU
		{5B492289-17C0-44AD-B9B2-F75DF27FD6EF}.Ad-Hoc|iPhone.Build.0 = Release|Any CPU
		{5B492289-17C0-44AD-B9B2-F75DF27FD6EF}.Ad-Hoc|iPhone.Deploy.0 = Release|Any CPU
		{5B492289-17C0-44AD-B9B2-F75DF27FD6EF}.Ad-Hoc|iPhoneSimulator.ActiveCfg = Release|Any CPU
		{5B492289-17C0-44AD-B9B2-F75DF27FD6EF}.Ad-Hoc|iPhoneSimulator.Build.0 = Release|Any CPU
		{5B492289-17C0-44AD-B9B2-F75DF27FD6EF}.Ad-Hoc|iPhoneSimulator.Deploy.0 = Release|Any CPU
		{5B492289-17C0-44AD-B9B2-F75DF27FD6EF}.AppStore|Any CPU.ActiveCfg = Release|Any CPU
		{5B492289-17C0-44AD-B9B2-F75DF27FD6EF}.AppStore|Any CPU.Build.0 = Release|Any CPU
		{5B492289-17C0-44AD-B9B2-F75DF27FD6EF}.AppStore|Any CPU.Deploy.0 = Release|Any CPU
		{5B492289-17C0-44AD-B9B2-F75DF27FD6EF}.AppStore|iPhone.ActiveCfg = Release|Any CPU
		{5B492289-17C0-44AD-B9B2-F75DF27FD6EF}.AppStore|iPhone.Build.0 = Release|Any CPU
		{5B492289-17C0-44AD-B9B2-F75DF27FD6EF}.AppStore|iPhone.Deploy.0 = Release|Any CPU
		{5B492289-17C0-44AD-B9B2-F75DF27FD6EF}.AppStore|iPhoneSimulator.ActiveCfg = Release|Any CPU
		{5B492289-17C0-44AD-B9B2-F75DF27FD6EF}.AppStore|iPhoneSimulator.Build.0 = Release|Any CPU
		{5B492289-17C0-44AD-B9B2-F75DF27FD6EF}.AppStore|iPhoneSimulator.Deploy.0 = Release|Any CPU
		{5B492289-17C0-44AD-B9B2-F75DF27FD6EF}.Debug|Any CPU.ActiveCfg = Debug|Any CPU
		{5B492289-17C0-44AD-B9B2-F75DF27FD6EF}.Debug|Any CPU.Build.0 = Debug|Any CPU
		{5B492289-17C0-44AD-B9B2-F75DF27FD6EF}.Debug|Any CPU.Deploy.0 = Debug|Any CPU
		{5B492289-17C0-44AD-B9B2-F75DF27FD6EF}.Debug|iPhone.ActiveCfg = Debug|Any CPU
		{5B492289-17C0-44AD-B9B2-F75DF27FD6EF}.Debug|iPhone.Build.0 = Debug|Any CPU
		{5B492289-17C0-44AD-B9B2-F75DF27FD6EF}.Debug|iPhone.Deploy.0 = Debug|Any CPU
		{5B492289-17C0-44AD-B9B2-F75DF27FD6EF}.Debug|iPhoneSimulator.ActiveCfg = Debug|Any CPU
		{5B492289-17C0-44AD-B9B2-F75DF27FD6EF}.Debug|iPhoneSimulator.Build.0 = Debug|Any CPU
		{5B492289-17C0-44AD-B9B2-F75DF27FD6EF}.Debug|iPhoneSimulator.Deploy.0 = Debug|Any CPU
		{5B492289-17C0-44AD-B9B2-F75DF27FD6EF}.Release|Any CPU.ActiveCfg = Release|Any CPU
		{5B492289-17C0-44AD-B9B2-F75DF27FD6EF}.Release|Any CPU.Build.0 = Release|Any CPU
		{5B492289-17C0-44AD-B9B2-F75DF27FD6EF}.Release|Any CPU.Deploy.0 = Release|Any CPU
		{5B492289-17C0-44AD-B9B2-F75DF27FD6EF}.Release|iPhone.ActiveCfg = Release|Any CPU
		{5B492289-17C0-44AD-B9B2-F75DF27FD6EF}.Release|iPhone.Build.0 = Release|Any CPU
		{5B492289-17C0-44AD-B9B2-F75DF27FD6EF}.Release|iPhone.Deploy.0 = Release|Any CPU
		{5B492289-17C0-44AD-B9B2-F75DF27FD6EF}.Release|iPhoneSimulator.ActiveCfg = Release|Any CPU
		{5B492289-17C0-44AD-B9B2-F75DF27FD6EF}.Release|iPhoneSimulator.Build.0 = Release|Any CPU
		{5B492289-17C0-44AD-B9B2-F75DF27FD6EF}.Release|iPhoneSimulator.Deploy.0 = Release|Any CPU
		{F32AA50F-630F-4E48-9F04-9E949DC38872}.Ad-Hoc|Any CPU.ActiveCfg = Ad-Hoc|iPhone
		{F32AA50F-630F-4E48-9F04-9E949DC38872}.Ad-Hoc|Any CPU.Build.0 = Ad-Hoc|iPhone
		{F32AA50F-630F-4E48-9F04-9E949DC38872}.Ad-Hoc|Any CPU.Deploy.0 = Ad-Hoc|iPhone
		{F32AA50F-630F-4E48-9F04-9E949DC38872}.Ad-Hoc|iPhone.ActiveCfg = Ad-Hoc|iPhone
		{F32AA50F-630F-4E48-9F04-9E949DC38872}.Ad-Hoc|iPhone.Build.0 = Ad-Hoc|iPhone
		{F32AA50F-630F-4E48-9F04-9E949DC38872}.Ad-Hoc|iPhone.Deploy.0 = Ad-Hoc|iPhone
		{F32AA50F-630F-4E48-9F04-9E949DC38872}.Ad-Hoc|iPhoneSimulator.ActiveCfg = Ad-Hoc|iPhoneSimulator
		{F32AA50F-630F-4E48-9F04-9E949DC38872}.Ad-Hoc|iPhoneSimulator.Build.0 = Ad-Hoc|iPhoneSimulator
		{F32AA50F-630F-4E48-9F04-9E949DC38872}.Ad-Hoc|iPhoneSimulator.Deploy.0 = Ad-Hoc|iPhoneSimulator
		{F32AA50F-630F-4E48-9F04-9E949DC38872}.AppStore|Any CPU.ActiveCfg = AppStore|iPhone
		{F32AA50F-630F-4E48-9F04-9E949DC38872}.AppStore|Any CPU.Build.0 = AppStore|iPhone
		{F32AA50F-630F-4E48-9F04-9E949DC38872}.AppStore|Any CPU.Deploy.0 = AppStore|iPhone
		{F32AA50F-630F-4E48-9F04-9E949DC38872}.AppStore|iPhone.ActiveCfg = AppStore|iPhone
		{F32AA50F-630F-4E48-9F04-9E949DC38872}.AppStore|iPhone.Build.0 = AppStore|iPhone
		{F32AA50F-630F-4E48-9F04-9E949DC38872}.AppStore|iPhone.Deploy.0 = AppStore|iPhone
		{F32AA50F-630F-4E48-9F04-9E949DC38872}.AppStore|iPhoneSimulator.ActiveCfg = AppStore|iPhoneSimulator
		{F32AA50F-630F-4E48-9F04-9E949DC38872}.AppStore|iPhoneSimulator.Build.0 = AppStore|iPhoneSimulator
		{F32AA50F-630F-4E48-9F04-9E949DC38872}.AppStore|iPhoneSimulator.Deploy.0 = AppStore|iPhoneSimulator
		{F32AA50F-630F-4E48-9F04-9E949DC38872}.Debug|Any CPU.ActiveCfg = Debug|iPhoneSimulator
		{F32AA50F-630F-4E48-9F04-9E949DC38872}.Debug|Any CPU.Build.0 = Debug|iPhoneSimulator
		{F32AA50F-630F-4E48-9F04-9E949DC38872}.Debug|Any CPU.Deploy.0 = Debug|iPhoneSimulator
		{F32AA50F-630F-4E48-9F04-9E949DC38872}.Debug|iPhone.ActiveCfg = Debug|iPhone
		{F32AA50F-630F-4E48-9F04-9E949DC38872}.Debug|iPhone.Build.0 = Debug|iPhone
		{F32AA50F-630F-4E48-9F04-9E949DC38872}.Debug|iPhone.Deploy.0 = Debug|iPhone
		{F32AA50F-630F-4E48-9F04-9E949DC38872}.Debug|iPhoneSimulator.ActiveCfg = Debug|iPhoneSimulator
		{F32AA50F-630F-4E48-9F04-9E949DC38872}.Debug|iPhoneSimulator.Build.0 = Debug|iPhoneSimulator
		{F32AA50F-630F-4E48-9F04-9E949DC38872}.Debug|iPhoneSimulator.Deploy.0 = Debug|iPhoneSimulator
		{F32AA50F-630F-4E48-9F04-9E949DC38872}.Release|Any CPU.ActiveCfg = Release|iPhone
		{F32AA50F-630F-4E48-9F04-9E949DC38872}.Release|Any CPU.Build.0 = Release|iPhone
		{F32AA50F-630F-4E48-9F04-9E949DC38872}.Release|Any CPU.Deploy.0 = Release|iPhone
		{F32AA50F-630F-4E48-9F04-9E949DC38872}.Release|iPhone.ActiveCfg = Release|iPhone
		{F32AA50F-630F-4E48-9F04-9E949DC38872}.Release|iPhone.Build.0 = Release|iPhone
		{F32AA50F-630F-4E48-9F04-9E949DC38872}.Release|iPhone.Deploy.0 = Release|iPhone
		{F32AA50F-630F-4E48-9F04-9E949DC38872}.Release|iPhoneSimulator.ActiveCfg = Release|iPhoneSimulator
		{F32AA50F-630F-4E48-9F04-9E949DC38872}.Release|iPhoneSimulator.Build.0 = Release|iPhoneSimulator
		{F32AA50F-630F-4E48-9F04-9E949DC38872}.Release|iPhoneSimulator.Deploy.0 = Release|iPhoneSimulator
		{478DC390-F955-407A-BD26-71B01BC8CDBE}.Ad-Hoc|Any CPU.ActiveCfg = Debug|Any CPU
		{478DC390-F955-407A-BD26-71B01BC8CDBE}.Ad-Hoc|Any CPU.Build.0 = Debug|Any CPU
		{478DC390-F955-407A-BD26-71B01BC8CDBE}.Ad-Hoc|Any CPU.Deploy.0 = Debug|Any CPU
		{478DC390-F955-407A-BD26-71B01BC8CDBE}.Ad-Hoc|iPhone.ActiveCfg = Debug|Any CPU
		{478DC390-F955-407A-BD26-71B01BC8CDBE}.Ad-Hoc|iPhone.Build.0 = Debug|Any CPU
		{478DC390-F955-407A-BD26-71B01BC8CDBE}.Ad-Hoc|iPhone.Deploy.0 = Debug|Any CPU
		{478DC390-F955-407A-BD26-71B01BC8CDBE}.Ad-Hoc|iPhoneSimulator.ActiveCfg = Debug|Any CPU
		{478DC390-F955-407A-BD26-71B01BC8CDBE}.Ad-Hoc|iPhoneSimulator.Build.0 = Debug|Any CPU
		{478DC390-F955-407A-BD26-71B01BC8CDBE}.Ad-Hoc|iPhoneSimulator.Deploy.0 = Debug|Any CPU
		{478DC390-F955-407A-BD26-71B01BC8CDBE}.AppStore|Any CPU.ActiveCfg = Debug|Any CPU
		{478DC390-F955-407A-BD26-71B01BC8CDBE}.AppStore|Any CPU.Build.0 = Debug|Any CPU
		{478DC390-F955-407A-BD26-71B01BC8CDBE}.AppStore|Any CPU.Deploy.0 = Debug|Any CPU
		{478DC390-F955-407A-BD26-71B01BC8CDBE}.AppStore|iPhone.ActiveCfg = Debug|Any CPU
		{478DC390-F955-407A-BD26-71B01BC8CDBE}.AppStore|iPhone.Build.0 = Debug|Any CPU
		{478DC390-F955-407A-BD26-71B01BC8CDBE}.AppStore|iPhone.Deploy.0 = Debug|Any CPU
		{478DC390-F955-407A-BD26-71B01BC8CDBE}.AppStore|iPhoneSimulator.ActiveCfg = Debug|Any CPU
		{478DC390-F955-407A-BD26-71B01BC8CDBE}.AppStore|iPhoneSimulator.Build.0 = Debug|Any CPU
		{478DC390-F955-407A-BD26-71B01BC8CDBE}.AppStore|iPhoneSimulator.Deploy.0 = Debug|Any CPU
		{478DC390-F955-407A-BD26-71B01BC8CDBE}.Debug|Any CPU.ActiveCfg = Debug|Any CPU
		{478DC390-F955-407A-BD26-71B01BC8CDBE}.Debug|Any CPU.Build.0 = Debug|Any CPU
		{478DC390-F955-407A-BD26-71B01BC8CDBE}.Debug|Any CPU.Deploy.0 = Debug|Any CPU
		{478DC390-F955-407A-BD26-71B01BC8CDBE}.Debug|iPhone.ActiveCfg = Debug|Any CPU
		{478DC390-F955-407A-BD26-71B01BC8CDBE}.Debug|iPhone.Build.0 = Debug|Any CPU
		{478DC390-F955-407A-BD26-71B01BC8CDBE}.Debug|iPhone.Deploy.0 = Debug|Any CPU
		{478DC390-F955-407A-BD26-71B01BC8CDBE}.Debug|iPhoneSimulator.ActiveCfg = Debug|Any CPU
		{478DC390-F955-407A-BD26-71B01BC8CDBE}.Debug|iPhoneSimulator.Build.0 = Debug|Any CPU
		{478DC390-F955-407A-BD26-71B01BC8CDBE}.Debug|iPhoneSimulator.Deploy.0 = Debug|Any CPU
		{478DC390-F955-407A-BD26-71B01BC8CDBE}.Release|Any CPU.ActiveCfg = Release|Any CPU
		{478DC390-F955-407A-BD26-71B01BC8CDBE}.Release|Any CPU.Build.0 = Release|Any CPU
		{478DC390-F955-407A-BD26-71B01BC8CDBE}.Release|Any CPU.Deploy.0 = Release|Any CPU
		{478DC390-F955-407A-BD26-71B01BC8CDBE}.Release|iPhone.ActiveCfg = Release|Any CPU
		{478DC390-F955-407A-BD26-71B01BC8CDBE}.Release|iPhone.Build.0 = Release|Any CPU
		{478DC390-F955-407A-BD26-71B01BC8CDBE}.Release|iPhone.Deploy.0 = Release|Any CPU
		{478DC390-F955-407A-BD26-71B01BC8CDBE}.Release|iPhoneSimulator.ActiveCfg = Release|Any CPU
		{478DC390-F955-407A-BD26-71B01BC8CDBE}.Release|iPhoneSimulator.Build.0 = Release|Any CPU
		{478DC390-F955-407A-BD26-71B01BC8CDBE}.Release|iPhoneSimulator.Deploy.0 = Release|Any CPU
	EndGlobalSection
	GlobalSection(SolutionProperties) = preSolution
		HideSolutionNode = FALSE
	EndGlobalSection
	GlobalSection(ExtensibilityGlobals) = postSolution
		SolutionGuid = {39D3AA8A-C74C-4CD5-8A29-B702E2F6E4B8}
	EndGlobalSection
EndGlobal
